# This file is autogenerated, do not edit; changes may be undone by the next 'dep ensure'.


[[projects]]
  branch = "master"
  name = "github.com/fvbock/trie"
  packages = ["."]
  revision = "1d40233c66bdef97a7d978cbe799531a6acf1ea6"

[solve-meta]
  analyzer-name = "dep"
  analyzer-version = 1
  inputs-digest = "f0ab363f41c2f478fa1b49952dac84115f3a5ffc28c7da2c10e0067b598bf683"
  solver-name = "gps-cdcl"
  solver-version = 1
